
Microsoft Visual Studio Solution File, Format Version 12.00
# Visual Studio Version 16
VisualStudioVersion = 16.0.31729.503
MinimumVisualStudioVersion = 10.0.40219.1
Project("{FAE04EC0-301F-11D3-BF4B-00C04F79EFBC}") = "coiffeurappointmentsystem", "coiffeurappointmentsystem\coiffeurappointmentsystem.csproj", "{0AEE7A31-4E41-4295-B7E0-9D27E697B95B}"
EndProject
Global
	GlobalSection(SolutionConfigurationPlatforms) = preSolution
		Debug|Any CPU = Debug|Any CPU
		Release|Any CPU = Release|Any CPU
	EndGlobalSection
	GlobalSection(ProjectConfigurationPlatforms) = postSolution
		{0AEE7A31-4E41-4295-B7E0-9D27E697B95B}.Debug|Any CPU.ActiveCfg = Debug|Any CPU
		{0AEE7A31-4E41-4295-B7E0-9D27E697B95B}.Debug|Any CPU.Build.0 = Debug|Any CPU
		{0AEE7A31-4E41-4295-B7E0-9D27E697B95B}.Release|Any CPU.ActiveCfg = Release|Any CPU
		{0AEE7A31-4E41-4295-B7E0-9D27E697B95B}.Release|Any CPU.Build.0 = Release|Any CPU
	EndGlobalSection
	GlobalSection(SolutionProperties) = preSolution
		HideSolutionNode = FALSE
	EndGlobalSection
	GlobalSection(ExtensibilityGlobals) = postSolution
		SolutionGuid = {E4B1B384-C096-4FBD-A5E9-F2E937160444}
	EndGlobalSection
EndGlobal
